
Microsoft Visual Studio Solution File, Format Version 12.00
# Visual Studio Version 17
VisualStudioVersion = 17.8.34408.163
MinimumVisualStudioVersion = 10.0.40219.1
Project("{FAE04EC0-301F-11D3-BF4B-00C04F79EFBC}") = "JenkinsProj", "JenkinsProj\JenkinsProj.csproj", "{F9163DDF-28AB-4E2A-B41A-D00758A73081}"
EndProject
Global
	GlobalSection(SolutionConfigurationPlatforms) = preSolution
		Debug|Any CPU = Debug|Any CPU
		Release|Any CPU = Release|Any CPU
	EndGlobalSection
	GlobalSection(ProjectConfigurationPlatforms) = postSolution
		{F9163DDF-28AB-4E2A-B41A-D00758A73081}.Debug|Any CPU.ActiveCfg = Debug|Any CPU
		{F9163DDF-28AB-4E2A-B41A-D00758A73081}.Debug|Any CPU.Build.0 = Debug|Any CPU
		{F9163DDF-28AB-4E2A-B41A-D00758A73081}.Release|Any CPU.ActiveCfg = Release|Any CPU
		{F9163DDF-28AB-4E2A-B41A-D00758A73081}.Release|Any CPU.Build.0 = Release|Any CPU
	EndGlobalSection
	GlobalSection(SolutionProperties) = preSolution
		HideSolutionNode = FALSE
	EndGlobalSection
	GlobalSection(ExtensibilityGlobals) = postSolution
		SolutionGuid = {972FC3CB-96F6-482A-961D-4371630EF4A9}
	EndGlobalSection
EndGlobal
